
Microsoft Visual Studio Solution File, Format Version 12.00
# Visual Studio Version 17
VisualStudioVersion = 17.0.31903.59
MinimumVisualStudioVersion = 10.0.40219.1
Project("{FAE04EC0-301F-11D3-BF4B-00C04F79EFBC}") = "Ecommerce.Core", "Ecommerce.Core\Ecommerce.Core.csproj", "{5F408190-EFEB-46EA-A1BE-A851D822F3CD}"
EndProject
Project("{FAE04EC0-301F-11D3-BF4B-00C04F79EFBC}") = "Ecommerce.Infrastructure", "Ecommerce.Infrastructure\Ecommerce.Infrastructure.csproj", "{E6B38E76-7361-4D5C-AF88-B8B1CCD8476B}"
EndProject
Project("{FAE04EC0-301F-11D3-BF4B-00C04F79EFBC}") = "Ecommerce.API", "Ecommerce.API\Ecommerce.API.csproj", "{9FA66B57-EA2F-4633-81DC-5665C28F4D43}"
EndProject
Global
	GlobalSection(SolutionConfigurationPlatforms) = preSolution
		Debug|Any CPU = Debug|Any CPU
		Release|Any CPU = Release|Any CPU
	EndGlobalSection
	GlobalSection(SolutionProperties) = preSolution
		HideSolutionNode = FALSE
	EndGlobalSection
	GlobalSection(ProjectConfigurationPlatforms) = postSolution
		{5F408190-EFEB-46EA-A1BE-A851D822F3CD}.Debug|Any CPU.ActiveCfg = Debug|Any CPU
		{5F408190-EFEB-46EA-A1BE-A851D822F3CD}.Debug|Any CPU.Build.0 = Debug|Any CPU
		{5F408190-EFEB-46EA-A1BE-A851D822F3CD}.Release|Any CPU.ActiveCfg = Release|Any CPU
		{5F408190-EFEB-46EA-A1BE-A851D822F3CD}.Release|Any CPU.Build.0 = Release|Any CPU
		{E6B38E76-7361-4D5C-AF88-B8B1CCD8476B}.Debug|Any CPU.ActiveCfg = Debug|Any CPU
		{E6B38E76-7361-4D5C-AF88-B8B1CCD8476B}.Debug|Any CPU.Build.0 = Debug|Any CPU
		{E6B38E76-7361-4D5C-AF88-B8B1CCD8476B}.Release|Any CPU.ActiveCfg = Release|Any CPU
		{E6B38E76-7361-4D5C-AF88-B8B1CCD8476B}.Release|Any CPU.Build.0 = Release|Any CPU
		{9FA66B57-EA2F-4633-81DC-5665C28F4D43}.Debug|Any CPU.ActiveCfg = Debug|Any CPU
		{9FA66B57-EA2F-4633-81DC-5665C28F4D43}.Debug|Any CPU.Build.0 = Debug|Any CPU
		{9FA66B57-EA2F-4633-81DC-5665C28F4D43}.Release|Any CPU.ActiveCfg = Release|Any CPU
		{9FA66B57-EA2F-4633-81DC-5665C28F4D43}.Release|Any CPU.Build.0 = Release|Any CPU
	EndGlobalSection
EndGlobal
